
Microsoft Visual Studio Solution File, Format Version 12.00
# Visual Studio Version 17
VisualStudioVersion = 17.9.34714.143
MinimumVisualStudioVersion = 10.0.40219.1
Project("{FAE04EC0-301F-11D3-BF4B-00C04F79EFBC}") = "Ejercicio1", "Ejercicio1\Ejercicio1.csproj", "{9F7F37BF-339F-42FF-9F5C-77D0E70D63DE}"
EndProject
Project("{FAE04EC0-301F-11D3-BF4B-00C04F79EFBC}") = "Ejercicio2", "Ejercicio2\Ejercicio2.csproj", "{AFC57EA7-40BE-4796-B9F1-C116EC9E48A8}"
EndProject
Project("{FAE04EC0-301F-11D3-BF4B-00C04F79EFBC}") = "Ejercicio3", "Ejercicio3\Ejercicio3.csproj", "{408ED600-D1F5-4B98-B745-B41A62687B8C}"
EndProject
Project("{FAE04EC0-301F-11D3-BF4B-00C04F79EFBC}") = "Ejercicio4", "Ejercicio4\Ejercicio4.csproj", "{3EBF3152-6EFF-4F5F-93B9-F6A2F64F2DD6}"
EndProject
Project("{FAE04EC0-301F-11D3-BF4B-00C04F79EFBC}") = "Ejercicio5", "Ejercicio5\Ejercicio5.csproj", "{6DCE9C09-5151-4F44-A55B-C84671AB36E6}"
EndProject
Project("{FAE04EC0-301F-11D3-BF4B-00C04F79EFBC}") = "Ejercicio6", "Ejercicio6\Ejercicio6.csproj", "{8940A20A-A03B-4056-B426-A683A80E1074}"
EndProject
Project("{FAE04EC0-301F-11D3-BF4B-00C04F79EFBC}") = "Ejercicio7", "Ejercicio7\Ejercicio7.csproj", "{E83F0617-0A22-4D21-87AB-7161D079CC17}"
EndProject
Project("{FAE04EC0-301F-11D3-BF4B-00C04F79EFBC}") = "Ejercicio8", "Ejercicio8\Ejercicio8.csproj", "{074407AD-31FD-4FAD-8572-30DDF49C1675}"
EndProject
Project("{FAE04EC0-301F-11D3-BF4B-00C04F79EFBC}") = "Ejercicio9", "Ejercicio9\Ejercicio9.csproj", "{EAB5D357-10DB-471A-B305-DDD4FDF848DE}"
EndProject
Project("{FAE04EC0-301F-11D3-BF4B-00C04F79EFBC}") = "Ejercicio_10", "Ejercicio_10\Ejercicio_10.csproj", "{82DCB87F-1BAB-4D17-9AC4-691C9EF259A1}"
EndProject
Project("{FAE04EC0-301F-11D3-BF4B-00C04F79EFBC}") = "Ejercicio_11", "Ejercicio_11\Ejercicio_11.csproj", "{3A4BA3C5-EDEF-442F-9B70-92419324DC3E}"
EndProject
Project("{FAE04EC0-301F-11D3-BF4B-00C04F79EFBC}") = "Ejercicio_12", "Ejercicio_12\Ejercicio_12.csproj", "{AA85E84F-4325-43A7-B08E-882740C36F8F}"
EndProject
Global
	GlobalSection(SolutionConfigurationPlatforms) = preSolution
		Debug|Any CPU = Debug|Any CPU
		Release|Any CPU = Release|Any CPU
	EndGlobalSection
	GlobalSection(ProjectConfigurationPlatforms) = postSolution
		{9F7F37BF-339F-42FF-9F5C-77D0E70D63DE}.Debug|Any CPU.ActiveCfg = Debug|Any CPU
		{9F7F37BF-339F-42FF-9F5C-77D0E70D63DE}.Debug|Any CPU.Build.0 = Debug|Any CPU
		{9F7F37BF-339F-42FF-9F5C-77D0E70D63DE}.Release|Any CPU.ActiveCfg = Release|Any CPU
		{9F7F37BF-339F-42FF-9F5C-77D0E70D63DE}.Release|Any CPU.Build.0 = Release|Any CPU
		{AFC57EA7-40BE-4796-B9F1-C116EC9E48A8}.Debug|Any CPU.ActiveCfg = Debug|Any CPU
		{AFC57EA7-40BE-4796-B9F1-C116EC9E48A8}.Debug|Any CPU.Build.0 = Debug|Any CPU
		{AFC57EA7-40BE-4796-B9F1-C116EC9E48A8}.Release|Any CPU.ActiveCfg = Release|Any CPU
		{AFC57EA7-40BE-4796-B9F1-C116EC9E48A8}.Release|Any CPU.Build.0 = Release|Any CPU
		{408ED600-D1F5-4B98-B745-B41A62687B8C}.Debug|Any CPU.ActiveCfg = Debug|Any CPU
		{408ED600-D1F5-4B98-B745-B41A62687B8C}.Debug|Any CPU.Build.0 = Debug|Any CPU
		{408ED600-D1F5-4B98-B745-B41A62687B8C}.Release|Any CPU.ActiveCfg = Release|Any CPU
		{408ED600-D1F5-4B98-B745-B41A62687B8C}.Release|Any CPU.Build.0 = Release|Any CPU
		{3EBF3152-6EFF-4F5F-93B9-F6A2F64F2DD6}.Debug|Any CPU.ActiveCfg = Debug|Any CPU
		{3EBF3152-6EFF-4F5F-93B9-F6A2F64F2DD6}.Debug|Any CPU.Build.0 = Debug|Any CPU
		{3EBF3152-6EFF-4F5F-93B9-F6A2F64F2DD6}.Release|Any CPU.ActiveCfg = Release|Any CPU
		{3EBF3152-6EFF-4F5F-93B9-F6A2F64F2DD6}.Release|Any CPU.Build.0 = Release|Any CPU
		{6DCE9C09-5151-4F44-A55B-C84671AB36E6}.Debug|Any CPU.ActiveCfg = Debug|Any CPU
		{6DCE9C09-5151-4F44-A55B-C84671AB36E6}.Debug|Any CPU.Build.0 = Debug|Any CPU
		{6DCE9C09-5151-4F44-A55B-C84671AB36E6}.Release|Any CPU.ActiveCfg = Release|Any CPU
		{6DCE9C09-5151-4F44-A55B-C84671AB36E6}.Release|Any CPU.Build.0 = Release|Any CPU
		{8940A20A-A03B-4056-B426-A683A80E1074}.Debug|Any CPU.ActiveCfg = Debug|Any CPU
		{8940A20A-A03B-4056-B426-A683A80E1074}.Debug|Any CPU.Build.0 = Debug|Any CPU
		{8940A20A-A03B-4056-B426-A683A80E1074}.Release|Any CPU.ActiveCfg = Release|Any CPU
		{8940A20A-A03B-4056-B426-A683A80E1074}.Release|Any CPU.Build.0 = Release|Any CPU
		{E83F0617-0A22-4D21-87AB-7161D079CC17}.Debug|Any CPU.ActiveCfg = Debug|Any CPU
		{E83F0617-0A22-4D21-87AB-7161D079CC17}.Debug|Any CPU.Build.0 = Debug|Any CPU
		{E83F0617-0A22-4D21-87AB-7161D079CC17}.Release|Any CPU.ActiveCfg = Release|Any CPU
		{E83F0617-0A22-4D21-87AB-7161D079CC17}.Release|Any CPU.Build.0 = Release|Any CPU
		{074407AD-31FD-4FAD-8572-30DDF49C1675}.Debug|Any CPU.ActiveCfg = Debug|Any CPU
		{074407AD-31FD-4FAD-8572-30DDF49C1675}.Debug|Any CPU.Build.0 = Debug|Any CPU
		{074407AD-31FD-4FAD-8572-30DDF49C1675}.Release|Any CPU.ActiveCfg = Release|Any CPU
		{074407AD-31FD-4FAD-8572-30DDF49C1675}.Release|Any CPU.Build.0 = Release|Any CPU
		{EAB5D357-10DB-471A-B305-DDD4FDF848DE}.Debug|Any CPU.ActiveCfg = Debug|Any CPU
		{EAB5D357-10DB-471A-B305-DDD4FDF848DE}.Debug|Any CPU.Build.0 = Debug|Any CPU
		{EAB5D357-10DB-471A-B305-DDD4FDF848DE}.Release|Any CPU.ActiveCfg = Release|Any CPU
		{EAB5D357-10DB-471A-B305-DDD4FDF848DE}.Release|Any CPU.Build.0 = Release|Any CPU
		{82DCB87F-1BAB-4D17-9AC4-691C9EF259A1}.Debug|Any CPU.ActiveCfg = Debug|Any CPU
		{82DCB87F-1BAB-4D17-9AC4-691C9EF259A1}.Debug|Any CPU.Build.0 = Debug|Any CPU
		{82DCB87F-1BAB-4D17-9AC4-691C9EF259A1}.Release|Any CPU.ActiveCfg = Release|Any CPU
		{82DCB87F-1BAB-4D17-9AC4-691C9EF259A1}.Release|Any CPU.Build.0 = Release|Any CPU
		{3A4BA3C5-EDEF-442F-9B70-92419324DC3E}.Debug|Any CPU.ActiveCfg = Debug|Any CPU
		{3A4BA3C5-EDEF-442F-9B70-92419324DC3E}.Debug|Any CPU.Build.0 = Debug|Any CPU
		{3A4BA3C5-EDEF-442F-9B70-92419324DC3E}.Release|Any CPU.ActiveCfg = Release|Any CPU
		{3A4BA3C5-EDEF-442F-9B70-92419324DC3E}.Release|Any CPU.Build.0 = Release|Any CPU
		{AA85E84F-4325-43A7-B08E-882740C36F8F}.Debug|Any CPU.ActiveCfg = Debug|Any CPU
		{AA85E84F-4325-43A7-B08E-882740C36F8F}.Debug|Any CPU.Build.0 = Debug|Any CPU
		{AA85E84F-4325-43A7-B08E-882740C36F8F}.Release|Any CPU.ActiveCfg = Release|Any CPU
		{AA85E84F-4325-43A7-B08E-882740C36F8F}.Release|Any CPU.Build.0 = Release|Any CPU
	EndGlobalSection
	GlobalSection(SolutionProperties) = preSolution
		HideSolutionNode = FALSE
	EndGlobalSection
	GlobalSection(ExtensibilityGlobals) = postSolution
		SolutionGuid = {0B4C115B-0AD0-470F-BA75-6968CC36FB39}
	EndGlobalSection
EndGlobal
